
Microsoft Visual Studio Solution File, Format Version 12.00
# Visual Studio Version 17
VisualStudioVersion = 17.5.33502.453
MinimumVisualStudioVersion = 10.0.40219.1
Project("{8BC9CEB8-8B4A-11D0-8D11-00A0C91BC942}") = "Task_2", "Task_2\Task_2.vcxproj", "{6671F785-93DC-4712-83F0-DB9CA207CFED}"
EndProject
Global
	GlobalSection(SolutionConfigurationPlatforms) = preSolution
		Debug|x64 = Debug|x64
		Debug|x86 = Debug|x86
		Release|x64 = Release|x64
		Release|x86 = Release|x86
	EndGlobalSection
	GlobalSection(ProjectConfigurationPlatforms) = postSolution
		{6671F785-93DC-4712-83F0-DB9CA207CFED}.Debug|x64.ActiveCfg = Debug|x64
		{6671F785-93DC-4712-83F0-DB9CA207CFED}.Debug|x64.Build.0 = Debug|x64
		{6671F785-93DC-4712-83F0-DB9CA207CFED}.Debug|x86.ActiveCfg = Debug|Win32
		{6671F785-93DC-4712-83F0-DB9CA207CFED}.Debug|x86.Build.0 = Debug|Win32
		{6671F785-93DC-4712-83F0-DB9CA207CFED}.Release|x64.ActiveCfg = Release|x64
		{6671F785-93DC-4712-83F0-DB9CA207CFED}.Release|x64.Build.0 = Release|x64
		{6671F785-93DC-4712-83F0-DB9CA207CFED}.Release|x86.ActiveCfg = Release|Win32
		{6671F785-93DC-4712-83F0-DB9CA207CFED}.Release|x86.Build.0 = Release|Win32
	EndGlobalSection
	GlobalSection(SolutionProperties) = preSolution
		HideSolutionNode = FALSE
	EndGlobalSection
	GlobalSection(ExtensibilityGlobals) = postSolution
		SolutionGuid = {775E2C7D-8E90-4EA0-8831-E496EBFCC56B}
	EndGlobalSection
EndGlobal
